<?xml version="1.0" encoding="utf-8"?>
<Project ToolsVersion="4.0" xmlns="http://schemas.microsoft.com/developer/msbuild/2003">
  <ItemGroup>
    <Filter Include="源文件">
      <UniqueIdentifier>{4FC737F1-C7A5-4376-A066-2A32D752A2FF}</UniqueIdentifier>
      <Extensions>cpp;c;cc;cxx;c++;cppm;ixx;def;odl;idl;hpj;bat;asm;asmx</Extensions>
    </Filter>
    <Filter Include="头文件">
      <UniqueIdentifier>{93995380-89BD-4b04-88EB-625FBE52EBFB}</UniqueIdentifier>
      <Extensions>h;hh;hpp;hxx;h++;hm;inl;inc;ipp;xsd</Extensions>
    </Filter>
    <Filter Include="资源文件">
      <UniqueIdentifier>{67DA6AB6-F800-4c08-8B7A-83BB121AAD01}</UniqueIdentifier>
      <Extensions>rc;ico;cur;bmp;dlg;rc2;rct;bin;rgs;gif;jpg;jpeg;jpe;resx;tiff;tif;png;wav;mfcribbon-ms</Extensions>
    </Filter>
    <Filter Include="头文件\core">
      <UniqueIdentifier>{a7905719-071b-487c-b3ad-fb0d33cd6b4b}</UniqueIdentifier>
    </Filter>
    <Filter Include="头文件\public">
      <UniqueIdentifier>{ec461265-6b01-4c78-94f3-021cf81096ae}</UniqueIdentifier>
    </Filter>
    <Filter Include="源文件\src">
      <UniqueIdentifier>{0a026e28-579f-4e98-8e38-287be35a4143}</UniqueIdentifier>
    </Filter>
    <Filter Include="源文件\test">
      <UniqueIdentifier>{e78fc19c-d042-46c5-bd5d-103bcf8c92ee}</UniqueIdentifier>
    </Filter>
    <Filter Include="antlr4">
      <UniqueIdentifier>{f2c80e81-538a-4438-9b14-0ce505de131c}</UniqueIdentifier>
    </Filter>
    <Filter Include="头文件\config">
      <UniqueIdentifier>{82ab4318-0cdd-47d6-9134-a47c92cf43bb}</UniqueIdentifier>
    </Filter>
  </ItemGroup>
  <ItemGroup>
    <ClInclude Include="PostAnvil\include\postanvil\compiler.hpp">
      <Filter>头文件\core</Filter>
    </ClInclude>
    <ClInclude Include="PostAnvil\include\PostAnvil.h">
      <Filter>头文件\public</Filter>
    </ClInclude>
    <ClInclude Include="PostAnvil\antlr4\PostAnvilBaseListener.h">
      <Filter>antlr4</Filter>
    </ClInclude>
    <ClInclude Include="PostAnvil\antlr4\PostAnvilLexer.h">
      <Filter>antlr4</Filter>
    </ClInclude>
    <ClInclude Include="PostAnvil\antlr4\PostAnvilListener.h">
      <Filter>antlr4</Filter>
    </ClInclude>
    <ClInclude Include="PostAnvil\antlr4\PostAnvilParser.h">
      <Filter>antlr4</Filter>
    </ClInclude>
    <ClInclude Include="PostAnvil\include\postanvil\expr_compiler.hpp">
      <Filter>头文件\core</Filter>
    </ClInclude>
    <ClInclude Include="PostAnvil\include\postanvil\operators.hpp">
      <Filter>头文件\core</Filter>
    </ClInclude>
    <ClInclude Include="PostAnvil\include\postanvil\program.hpp">
      <Filter>头文件\core</Filter>
    </ClInclude>
    <ClInclude Include="PostAnvil\include\postanvil\error.hpp">
      <Filter>头文件\config</Filter>
    </ClInclude>
    <ClInclude Include="PostAnvil\include\postanvil\detail.hpp">
      <Filter>头文件\config</Filter>
    </ClInclude>
    <ClInclude Include="PostAnvil\include\postanvil\instance.hpp">
      <Filter>头文件\core</Filter>
    </ClInclude>
    <ClInclude Include="PostAnvil\include\postanvil\scene.hpp">
      <Filter>头文件\core</Filter>
    </ClInclude>
    <ClInclude Include="PostAnvil\include\postanvil\utils.hpp">
      <Filter>头文件\config</Filter>
    </ClInclude>
    <ClInclude Include="PostAnvil\include\postanvil\type.hpp">
      <Filter>头文件\config</Filter>
    </ClInclude>
  </ItemGroup>
  <ItemGroup>
    <ClCompile Include="PostAnvil\tests\test_builder.cpp">
      <Filter>源文件\test</Filter>
    </ClCompile>
    <ClCompile Include="PostAnvil\antlr4\PostAnvilBaseListener.cpp">
      <Filter>antlr4</Filter>
    </ClCompile>
    <ClCompile Include="PostAnvil\antlr4\PostAnvilLexer.cpp">
      <Filter>antlr4</Filter>
    </ClCompile>
    <ClCompile Include="PostAnvil\antlr4\PostAnvilListener.cpp">
      <Filter>antlr4</Filter>
    </ClCompile>
    <ClCompile Include="PostAnvil\antlr4\PostAnvilParser.cpp">
      <Filter>antlr4</Filter>
    </ClCompile>
  </ItemGroup>
  <ItemGroup>
    <None Include="docs\PostAnvil DSL 用户说明文档 V0.3.md">
      <Filter>资源文件</Filter>
    </None>
    <None Include="docs\PostAnvil.g4">
      <Filter>资源文件</Filter>
    </None>
  </ItemGroup>
</Project>