<?xml version="1.0" encoding="utf-8"?>
<Project ToolsVersion="4.0" xmlns="http://schemas.microsoft.com/developer/msbuild/2003">
  <ItemGroup>
    <Filter Include="头文件"><UniqueIdentifier>{93995380-89BD-4b04-88EB-625FBE52EBFB}</UniqueIdentifier></Filter>
    <Filter Include="ANTLR 生成文件"><UniqueIdentifier>{f2c80e81-538a-4438-9b14-0ce505de131c}</UniqueIdentifier></Filter>
    <Filter Include="文档"><UniqueIdentifier>{67DA6AB6-F800-4c08-8B7A-83BB121AAD01}</UniqueIdentifier></Filter>
  </ItemGroup>
  <ItemGroup>
    <ClInclude Include="PostAnvil\include\PostAnvil.h"><Filter>头文件</Filter></ClInclude>
    <ClInclude Include="PostAnvil\include\postanvil\builtins.hpp"><Filter>头文件</Filter></ClInclude>
    <ClInclude Include="PostAnvil\include\postanvil\compiler.hpp"><Filter>头文件</Filter></ClInclude>
    <ClInclude Include="PostAnvil\include\postanvil\detail.hpp"><Filter>头文件</Filter></ClInclude>
    <ClInclude Include="PostAnvil\include\postanvil\error.hpp"><Filter>头文件</Filter></ClInclude>
    <ClInclude Include="PostAnvil\include\postanvil\expr_compiler.hpp"><Filter>头文件</Filter></ClInclude>
    <ClInclude Include="PostAnvil\include\postanvil\instance.hpp"><Filter>头文件</Filter></ClInclude>
    <ClInclude Include="PostAnvil\include\postanvil\operators.hpp"><Filter>头文件</Filter></ClInclude>
    <ClInclude Include="PostAnvil\include\postanvil\program.hpp"><Filter>头文件</Filter></ClInclude>
    <ClInclude Include="PostAnvil\include\postanvil\scene.hpp"><Filter>头文件</Filter></ClInclude>
    <ClInclude Include="PostAnvil\include\postanvil\type.hpp"><Filter>头文件</Filter></ClInclude>
    <ClInclude Include="PostAnvil\include\postanvil\utils.hpp"><Filter>头文件</Filter></ClInclude>
    <ClInclude Include="PostAnvil\antlr4\PostAnvilBaseListener.h"><Filter>ANTLR 生成文件</Filter></ClInclude>
    <ClInclude Include="PostAnvil\antlr4\PostAnvilLexer.h"><Filter>ANTLR 生成文件</Filter></ClInclude>
    <ClInclude Include="PostAnvil\antlr4\PostAnvilListener.h"><Filter>ANTLR 生成文件</Filter></ClInclude>
    <ClInclude Include="PostAnvil\antlr4\PostAnvilParser.h"><Filter>ANTLR 生成文件</Filter></ClInclude>
  </ItemGroup>
  <ItemGroup>
    <ClCompile Include="PostAnvil\antlr4\PostAnvilBaseListener.cpp"><Filter>ANTLR 生成文件</Filter></ClCompile>
    <ClCompile Include="PostAnvil\antlr4\PostAnvilLexer.cpp"><Filter>ANTLR 生成文件</Filter></ClCompile>
    <ClCompile Include="PostAnvil\antlr4\PostAnvilListener.cpp"><Filter>ANTLR 生成文件</Filter></ClCompile>
    <ClCompile Include="PostAnvil\antlr4\PostAnvilParser.cpp"><Filter>ANTLR 生成文件</Filter></ClCompile>
  </ItemGroup>
  <ItemGroup>
    <None Include="docs\PostAnvil DSL 用户说明文档 V0.6.md"><Filter>文档</Filter></None>
    <None Include="docs\PostAnvil.g4"><Filter>文档</Filter></None>
    <None Include="docs\test.pa"><Filter>文档</Filter></None>
  </ItemGroup>
</Project>
