<?xml version="1.0" encoding="utf-8"?>
<Project ToolsVersion="4.0" xmlns="http://schemas.microsoft.com/developer/msbuild/2003">
  <ItemGroup><Filter Include="测试源文件"><UniqueIdentifier>{4FC737F1-C7A5-4376-A066-2A32D752A2FF}</UniqueIdentifier></Filter></ItemGroup>
  <ItemGroup>
    <ClCompile Include="..\PostAnvil DSL\PostAnvil\tests\main_core.cpp"><Filter>测试源文件</Filter></ClCompile>
    <ClCompile Include="..\PostAnvil DSL\PostAnvil\tests\test_common.cpp"><Filter>测试源文件</Filter></ClCompile>
    <ClCompile Include="..\PostAnvil DSL\PostAnvil\tests\test_basic.cpp"><Filter>测试源文件</Filter></ClCompile>
    <ClCompile Include="..\PostAnvil DSL\PostAnvil\tests\test_attr.cpp"><Filter>测试源文件</Filter></ClCompile>
    <ClCompile Include="..\PostAnvil DSL\PostAnvil\tests\test_group_append.cpp"><Filter>测试源文件</Filter></ClCompile>
    <ClInclude Include="..\PostAnvil DSL\PostAnvil\tests\test_common.hpp"><Filter>测试源文件</Filter></ClInclude>
  </ItemGroup>
</Project>
